// !$*UTF8*$!
{
	archiveVersion = 1;
	classes = {
	};
	objectVersion = 46;
	objects = {

/* Begin PBXBuildFile section */
		BB0DF1781EE3709400E164D0 /* Helpers.swift in Sources */ = {isa = PBXBuildFile; fileRef = BB0DF1771EE3709400E164D0 /* Helpers.swift */; };
		BB5C54C81EDBA698004C0C01 /* AppDelegate.swift in Sources */ = {isa = PBXBuildFile; fileRef = BB5C54C71EDBA698004C0C01 /* AppDelegate.swift */; };
		BB5C54CA1EDBA698004C0C01 /* SetupViewController.swift in Sources */ = {isa = PBXBuildFile; fileRef = BB5C54C91EDBA698004C0C01 /* SetupViewController.swift */; };
		BB5C54CD1EDBA699004C0C01 /* Main.storyboard in Resources */ = {isa = PBXBuildFile; fileRef = BB5C54CB1EDBA698004C0C01 /* Main.storyboard */; };
		BB5C54CF1EDBA699004C0C01 /* Assets.xcassets in Resources */ = {isa = PBXBuildFile; fileRef = BB5C54CE1EDBA699004C0C01 /* Assets.xcassets */; };
		BB5C54D21EDBA699004C0C01 /* LaunchScreen.storyboard in Resources */ = {isa = PBXBuildFile; fileRef = BB5C54D01EDBA699004C0C01 /* LaunchScreen.storyboard */; };
		BB5C54DA1EDBABED004C0C01 /* ResultsViewController.swift in Sources */ = {isa = PBXBuildFile; fileRef = BB5C54D91EDBABED004C0C01 /* ResultsViewController.swift */; };
/* End PBXBuildFile section */

/* Begin PBXFileReference section */
		BB0DF1761EE331B700E164D0 /* TLDR.entitlements */ = {isa = PBXFileReference; lastKnownFileType = text.plist.entitlements; path = TLDR.entitlements; sourceTree = "<group>"; };
		BB0DF1771EE3709400E164D0 /* Helpers.swift */ = {isa = PBXFileReference; fileEncoding = 4; lastKnownFileType = sourcecode.swift; path = Helpers.swift; sourceTree = "<group>"; };
		BB5C54C41EDBA698004C0C01 /* TLDR.app */ = {isa = PBXFileReference; explicitFileType = wrapper.application; includeInIndex = 0; path = TLDR.app; sourceTree = BUILT_PRODUCTS_DIR; };
		BB5C54C71EDBA698004C0C01 /* AppDelegate.swift */ = {isa = PBXFileReference; lastKnownFileType = sourcecode.swift; path = AppDelegate.swift; sourceTree = "<group>"; };
		BB5C54C91EDBA698004C0C01 /* SetupViewController.swift */ = {isa = PBXFileReference; lastKnownFileType = sourcecode.swift; path = SetupViewController.swift; sourceTree = "<group>"; };
		BB5C54CC1EDBA699004C0C01 /* Base */ = {isa = PBXFileReference; lastKnownFileType = file.storyboard; name = Base; path = Base.lproj/Main.storyboard; sourceTree = "<group>"; };
		BB5C54CE1EDBA699004C0C01 /* Assets.xcassets */ = {isa = PBXFileReference; lastKnownFileType = folder.assetcatalog; path = Assets.xcassets; sourceTree = "<group>"; };
		BB5C54D11EDBA699004C0C01 /* Base */ = {isa = PBXFileReference; lastKnownFileType = file.storyboard; name = Base; path = Base.lproj/LaunchScreen.storyboard; sourceTree = "<group>"; };
		BB5C54D31EDBA699004C0C01 /* Info.plist */ = {isa = PBXFileReference; lastKnownFileType = text.plist.xml; path = Info.plist; sourceTree = "<group>"; };
		BB5C54D91EDBABED004C0C01 /* ResultsViewController.swift */ = {isa = PBXFileReference; fileEncoding = 4; lastKnownFileType = sourcecode.swift; path = ResultsViewController.swift; sourceTree = "<group>"; };
/* End PBXFileReference section */

/* Begin PBXFrameworksBuildPhase section */
		BB5C54C11EDBA698004C0C01 /* Frameworks */ = {
			isa = PBXFrameworksBuildPhase;
			buildActionMask = 2147483647;
			files = (
			);
			runOnlyForDeploymentPostprocessing = 0;
		};
/* End PBXFrameworksBuildPhase section */

/* Begin PBXGroup section */
		BB5C54BB1EDBA698004C0C01 = {
			isa = PBXGroup;
			children = (
				BB5C54C61EDBA698004C0C01 /* TLDR */,
				BB5C54C51EDBA698004C0C01 /* Products */,
			);
			sourceTree = "<group>";
		};
		BB5C54C51EDBA698004C0C01 /* Products */ = {
			isa = PBXGroup;
			children = (
				BB5C54C41EDBA698004C0C01 /* TLDR.app */,
			);
			name = Products;
			sourceTree = "<group>";
		};
		BB5C54C61EDBA698004C0C01 /* TLDR */ = {
			isa = PBXGroup;
			children = (
				BB0DF1761EE331B700E164D0 /* TLDR.entitlements */,
				BB5C54C71EDBA698004C0C01 /* AppDelegate.swift */,
				BB5C54C91EDBA698004C0C01 /* SetupViewController.swift */,
				BB5C54D91EDBABED004C0C01 /* ResultsViewController.swift */,
				BB0DF1771EE3709400E164D0 /* Helpers.swift */,
				BB5C54CB1EDBA698004C0C01 /* Main.storyboard */,
				BB5C54CE1EDBA699004C0C01 /* Assets.xcassets */,
				BB5C54D01EDBA699004C0C01 /* LaunchScreen.storyboard */,
				BB5C54D31EDBA699004C0C01 /* Info.plist */,
			);
			path = TLDR;
			sourceTree = "<group>";
		};
/* End PBXGroup section */

/* Begin PBXNativeTarget section */
		BB5C54C31EDBA698004C0C01 /* TLDR */ = {
			isa = PBXNativeTarget;
			buildConfigurationList = BB5C54D61EDBA699004C0C01 /* Build configuration list for PBXNativeTarget "TLDR" */;
			buildPhases = (
				BB5C54C01EDBA698004C0C01 /* Sources */,
				BB5C54C11EDBA698004C0C01 /* Frameworks */,
				BB5C54C21EDBA698004C0C01 /* Resources */,
			);
			buildRules = (
			);
			dependencies = (
			);
			name = TLDR;
			productName = TLDR;
			productReference = BB5C54C41EDBA698004C0C01 /* TLDR.app */;
			productType = "com.apple.product-type.application";
		};
/* End PBXNativeTarget section */

/* Begin PBXProject section */
		BB5C54BC1EDBA698004C0C01 /* Project object */ = {
			isa = PBXProject;
			attributes = {
				LastSwiftUpdateCheck = 0830;
				LastUpgradeCheck = 0830;
				ORGANIZATIONNAME = "Alex Hint";
				TargetAttributes = {
					BB5C54C31EDBA698004C0C01 = {
						CreatedOnToolsVersion = 8.3.2;
						DevelopmentTeam = LFM955AHXH;
						ProvisioningStyle = Automatic;
						SystemCapabilities = {
							com.apple.Push = {
								enabled = 1;
							};
						};
					};
				};
			};
			buildConfigurationList = BB5C54BF1EDBA698004C0C01 /* Build configuration list for PBXProject "TLDR" */;
			compatibilityVersion = "Xcode 3.2";
			developmentRegion = English;
			hasScannedForEncodings = 0;
			knownRegions = (
				en,
				Base,
			);
			mainGroup = BB5C54BB1EDBA698004C0C01;
			productRefGroup = BB5C54C51EDBA698004C0C01 /* Products */;
			projectDirPath = "";
			projectRoot = "";
			targets = (
				BB5C54C31EDBA698004C0C01 /* TLDR */,
			);
		};
/* End PBXProject section */

/* Begin PBXResourcesBuildPhase section */
		BB5C54C21EDBA698004C0C01 /* Resources */ = {
			isa = PBXResourcesBuildPhase;
			buildActionMask = 2147483647;
			files = (
				BB5C54D21EDBA699004C0C01 /* LaunchScreen.storyboard in Resources */,
				BB5C54CF1EDBA699004C0C01 /* Assets.xcassets in Resources */,
				BB5C54CD1EDBA699004C0C01 /* Main.storyboard in Resources */,
			);
			runOnlyForDeploymentPostprocessing = 0;
		};
/* End PBXResourcesBuildPhase section */

/* Begin PBXSourcesBuildPhase section */
		BB5C54C01EDBA698004C0C01 /* Sources */ = {
			isa = PBXSourcesBuildPhase;
			buildActionMask = 2147483647;
			files = (
				BB5C54CA1EDBA698004C0C01 /* SetupViewController.swift in Sources */,
				BB5C54C81EDBA698004C0C01 /* AppDelegate.swift in Sources */,
				BB5C54DA1EDBABED004C0C01 /* ResultsViewController.swift in Sources */,
				BB0DF1781EE3709400E164D0 /* Helpers.swift in Sources */,
			);
			runOnlyForDeploymentPostprocessing = 0;
		};
/* End PBXSourcesBuildPhase section */

/* Begin PBXVariantGroup section */
		BB5C54CB1EDBA698004C0C01 /* Main.storyboard */ = {
			isa = PBXVariantGroup;
			children = (
				BB5C54CC1EDBA699004C0C01 /* Base */,
			);
			name = Main.storyboard;
			sourceTree = "<group>";
		};
		BB5C54D01EDBA699004C0C01 /* LaunchScreen.storyboard */ = {
			isa = PBXVariantGroup;
			children = (
				BB5C54D11EDBA699004C0C01 /* Base */,
			);
			name = LaunchScreen.storyboard;
			sourceTree = "<group>";
		};
/* End PBXVariantGroup section */

/* Begin XCBuildConfiguration section */
		BB5C54D41EDBA699004C0C01 /* Debug */ = {
			isa = XCBuildConfiguration;
			buildSettings = {
				ALWAYS_SEARCH_USER_PATHS = NO;
				CLANG_ANALYZER_NONNULL = YES;
				CLANG_ANALYZER_NUMBER_OBJECT_CONVERSION = YES_AGGRESSIVE;
				CLANG_CXX_LANGUAGE_STANDARD = "gnu++0x";
				CLANG_CXX_LIBRARY = "libc++";
				CLANG_ENABLE_MODULES = YES;
				CLANG_ENABLE_OBJC_ARC = YES;
				CLANG_WARN_BOOL_CONVERSION = YES;
				CLANG_WARN_CONSTANT_CONVERSION = YES;
				CLANG_WARN_DIRECT_OBJC_ISA_USAGE = YES_ERROR;
				CLANG_WARN_DOCUMENTATION_COMMENTS = YES;
				CLANG_WARN_EMPTY_BODY = YES;
				CLANG_WARN_ENUM_CONVERSION = YES;
				CLANG_WARN_INFINITE_RECURSION = YES;
				CLANG_WARN_INT_CONVERSION = YES;
				CLANG_WARN_OBJC_ROOT_CLASS = YES_ERROR;
				CLANG_WARN_SUSPICIOUS_MOVE = YES;
				CLANG_WARN_UNREACHABLE_CODE = YES;
				CLANG_WARN__DUPLICATE_METHOD_MATCH = YES;
				"CODE_SIGN_IDENTITY[sdk=iphoneos*]" = "iPhone Developer";
				COPY_PHASE_STRIP = NO;
				DEBUG_INFORMATION_FORMAT = dwarf;
				ENABLE_STRICT_OBJC_MSGSEND = YES;
				ENABLE_TESTABILITY = YES;
				GCC_C_LANGUAGE_STANDARD = gnu99;
				GCC_DYNAMIC_NO_PIC = NO;
				GCC_NO_COMMON_BLOCKS = YES;
				GCC_OPTIMIZATION_LEVEL = 0;
				GCC_PREPROCESSOR_DEFINITIONS = (
					"DEBUG=1",
					"$(inherited)",
				);
				GCC_WARN_64_TO_32_BIT_CONVERSION = YES;
				GCC_WARN_ABOUT_RETURN_TYPE = YES_ERROR;
				GCC_WARN_UNDECLARED_SELECTOR = YES;
				GCC_WARN_UNINITIALIZED_AUTOS = YES_AGGRESSIVE;
				GCC_WARN_UNUSED_FUNCTION = YES;
				GCC_WARN_UNUSED_VARIABLE = YES;
				IPHONEOS_DEPLOYMENT_TARGET = 10.3;
				MTL_ENABLE_DEBUG_INFO = YES;
				ONLY_ACTIVE_ARCH = YES;
				SDKROOT = iphoneos;
				SWIFT_ACTIVE_COMPILATION_CONDITIONS = DEBUG;
				SWIFT_OPTIMIZATION_LEVEL = "-Onone";
			};
			name = Debug;
		};
		BB5C54D51EDBA699004C0C01 /* Release */ = {
			isa = XCBuildConfiguration;
			buildSettings = {
				ALWAYS_SEARCH_USER_PATHS = NO;
				CLANG_ANALYZER_NONNULL = YES;
				CLANG_ANALYZER_NUMBER_OBJECT_CONVERSION = YES_AGGRESSIVE;
				CLANG_CXX_LANGUAGE_STANDARD = "gnu++0x";
				CLANG_CXX_LIBRARY = "libc++";
				CLANG_ENABLE_MODULES = YES;
				CLANG_ENABLE_OBJC_ARC = YES;
				CLANG_WARN_BOOL_CONVERSION = YES;
				CLANG_WARN_CONSTANT_CONVERSION = YES;
				CLANG_WARN_DIRECT_OBJC_ISA_USAGE = YES_ERROR;
				CLANG_WARN_DOCUMENTATION_COMMENTS = YES;
				CLANG_WARN_EMPTY_BODY = YES;
				CLANG_WARN_ENUM_CONVERSION = YES;
				CLANG_WARN_INFINITE_RECURSION = YES;
				CLANG_WARN_INT_CONVERSION = YES;
				CLANG_WARN_OBJC_ROOT_CLASS = YES_ERROR;
				CLANG_WARN_SUSPICIOUS_MOVE = YES;
				CLANG_WARN_UNREACHABLE_CODE = YES;
				CLANG_WARN__DUPLICATE_METHOD_MATCH = YES;
				"CODE_SIGN_IDENTITY[sdk=iphoneos*]" = "iPhone Developer";
				COPY_PHASE_STRIP = NO;
				DEBUG_INFORMATION_FORMAT = "dwarf-with-dsym";
				ENABLE_NS_ASSERTIONS = NO;
				ENABLE_STRICT_OBJC_MSGSEND = YES;
				GCC_C_LANGUAGE_STANDARD = gnu99;
				GCC_NO_COMMON_BLOCKS = YES;
				GCC_WARN_64_TO_32_BIT_CONVERSION = YES;
				GCC_WARN_ABOUT_RETURN_TYPE = YES_ERROR;
				GCC_WARN_UNDECLARED_SELECTOR = YES;
				GCC_WARN_UNINITIALIZED_AUTOS = YES_AGGRESSIVE;
				GCC_WARN_UNUSED_FUNCTION = YES;
				GCC_WARN_UNUSED_VARIABLE = YES;
				IPHONEOS_DEPLOYMENT_TARGET = 10.3;
				MTL_ENABLE_DEBUG_INFO = NO;
				SDKROOT = iphoneos;
				SWIFT_OPTIMIZATION_LEVEL = "-Owholemodule";
				VALIDATE_PRODUCT = YES;
			};
			name = Release;
		};
		BB5C54D71EDBA699004C0C01 /* Debug */ = {
			isa = XCBuildConfiguration;
			buildSettings = {
				ASSETCATALOG_COMPILER_APPICON_NAME = AppIcon;
				CODE_SIGN_ENTITLEMENTS = TLDR/TLDR.entitlements;
				DEVELOPMENT_TEAM = LFM955AHXH;
				INFOPLIST_FILE = TLDR/Info.plist;
				LD_RUNPATH_SEARCH_PATHS = "$(inherited) @executable_path/Frameworks";
				PRODUCT_BUNDLE_IDENTIFIER = co.alexhint.TLDR;
				PRODUCT_NAME = "$(TARGET_NAME)";
				SWIFT_VERSION = 3.0;
			};
			name = Debug;
		};
		BB5C54D81EDBA699004C0C01 /* Release */ = {
			isa = XCBuildConfiguration;
			buildSettings = {
				ASSETCATALOG_COMPILER_APPICON_NAME = AppIcon;
				CODE_SIGN_ENTITLEMENTS = TLDR/TLDR.entitlements;
				DEVELOPMENT_TEAM = LFM955AHXH;
				INFOPLIST_FILE = TLDR/Info.plist;
				LD_RUNPATH_SEARCH_PATHS = "$(inherited) @executable_path/Frameworks";
				PRODUCT_BUNDLE_IDENTIFIER = co.alexhint.TLDR;
				PRODUCT_NAME = "$(TARGET_NAME)";
				SWIFT_VERSION = 3.0;
			};
			name = Release;
		};
/* End XCBuildConfiguration section */

/* Begin XCConfigurationList section */
		BB5C54BF1EDBA698004C0C01 /* Build configuration list for PBXProject "TLDR" */ = {
			isa = XCConfigurationList;
			buildConfigurations = (
				BB5C54D41EDBA699004C0C01 /* Debug */,
				BB5C54D51EDBA699004C0C01 /* Release */,
			);
			defaultConfigurationIsVisible = 0;
			defaultConfigurationName = Release;
		};
		BB5C54D61EDBA699004C0C01 /* Build configuration list for PBXNativeTarget "TLDR" */ = {
			isa = XCConfigurationList;
			buildConfigurations = (
				BB5C54D71EDBA699004C0C01 /* Debug */,
				BB5C54D81EDBA699004C0C01 /* Release */,
			);
			defaultConfigurationIsVisible = 0;
			defaultConfigurationName = Release;
		};
/* End XCConfigurationList section */
	};
	rootObject = BB5C54BC1EDBA698004C0C01 /* Project object */;
}
